
Microsoft Visual Studio Solution File, Format Version 12.00
# Visual Studio Version 16
VisualStudioVersion = 16.0.32126.315
MinimumVisualStudioVersion = 10.0.40219.1
Project("{FAE04EC0-301F-11D3-BF4B-00C04F79EFBC}") = "01. Count Same Values in Array", "01. Count Same Values in Array\01. Count Same Values in Array.csproj", "{4E73533F-F988-4DC3-A64D-BF247406AFFB}"
EndProject
Project("{FAE04EC0-301F-11D3-BF4B-00C04F79EFBC}") = "02. Average Student Grades", "02. Average Student Grades\02. Average Student Grades.csproj", "{010D848B-D64A-4B13-B4AF-2E1CC89C1F97}"
EndProject
Project("{FAE04EC0-301F-11D3-BF4B-00C04F79EFBC}") = "03. Largest 3 Numbers", "03. Largest 3 Numbers\03. Largest 3 Numbers.csproj", "{57319E85-996F-491E-9446-118CF9EDDAB2}"
EndProject
Project("{FAE04EC0-301F-11D3-BF4B-00C04F79EFBC}") = "04. Product Shop", "04. Product Shop\04. Product Shop.csproj", "{00A3028D-7529-4052-80D9-2126B81698EA}"
EndProject
Project("{FAE04EC0-301F-11D3-BF4B-00C04F79EFBC}") = "05. Cities by Continent and Country", "05. Cities by Continent and Country\05. Cities by Continent and Country.csproj", "{389D74F0-E42A-4C34-8951-BE5D06224B14}"
EndProject
Project("{FAE04EC0-301F-11D3-BF4B-00C04F79EFBC}") = "06. Record Unique Names", "06. Record Unique Names\06. Record Unique Names.csproj", "{0FCCF128-D8E6-4A59-96AE-53ACEF22693C}"
EndProject
Project("{FAE04EC0-301F-11D3-BF4B-00C04F79EFBC}") = "07. Parking Lot", "07. Parking Lot\07. Parking Lot.csproj", "{02E0BC76-0237-4F64-B189-4AFAA16EA23F}"
EndProject
Global
	GlobalSection(SolutionConfigurationPlatforms) = preSolution
		Debug|Any CPU = Debug|Any CPU
		Release|Any CPU = Release|Any CPU
	EndGlobalSection
	GlobalSection(ProjectConfigurationPlatforms) = postSolution
		{4E73533F-F988-4DC3-A64D-BF247406AFFB}.Debug|Any CPU.ActiveCfg = Debug|Any CPU
		{4E73533F-F988-4DC3-A64D-BF247406AFFB}.Debug|Any CPU.Build.0 = Debug|Any CPU
		{4E73533F-F988-4DC3-A64D-BF247406AFFB}.Release|Any CPU.ActiveCfg = Release|Any CPU
		{4E73533F-F988-4DC3-A64D-BF247406AFFB}.Release|Any CPU.Build.0 = Release|Any CPU
		{010D848B-D64A-4B13-B4AF-2E1CC89C1F97}.Debug|Any CPU.ActiveCfg = Debug|Any CPU
		{010D848B-D64A-4B13-B4AF-2E1CC89C1F97}.Debug|Any CPU.Build.0 = Debug|Any CPU
		{010D848B-D64A-4B13-B4AF-2E1CC89C1F97}.Release|Any CPU.ActiveCfg = Release|Any CPU
		{010D848B-D64A-4B13-B4AF-2E1CC89C1F97}.Release|Any CPU.Build.0 = Release|Any CPU
		{57319E85-996F-491E-9446-118CF9EDDAB2}.Debug|Any CPU.ActiveCfg = Debug|Any CPU
		{57319E85-996F-491E-9446-118CF9EDDAB2}.Debug|Any CPU.Build.0 = Debug|Any CPU
		{57319E85-996F-491E-9446-118CF9EDDAB2}.Release|Any CPU.ActiveCfg = Release|Any CPU
		{57319E85-996F-491E-9446-118CF9EDDAB2}.Release|Any CPU.Build.0 = Release|Any CPU
		{00A3028D-7529-4052-80D9-2126B81698EA}.Debug|Any CPU.ActiveCfg = Debug|Any CPU
		{00A3028D-7529-4052-80D9-2126B81698EA}.Debug|Any CPU.Build.0 = Debug|Any CPU
		{00A3028D-7529-4052-80D9-2126B81698EA}.Release|Any CPU.ActiveCfg = Release|Any CPU
		{00A3028D-7529-4052-80D9-2126B81698EA}.Release|Any CPU.Build.0 = Release|Any CPU
		{389D74F0-E42A-4C34-8951-BE5D06224B14}.Debug|Any CPU.ActiveCfg = Debug|Any CPU
		{389D74F0-E42A-4C34-8951-BE5D06224B14}.Debug|Any CPU.Build.0 = Debug|Any CPU
		{389D74F0-E42A-4C34-8951-BE5D06224B14}.Release|Any CPU.ActiveCfg = Release|Any CPU
		{389D74F0-E42A-4C34-8951-BE5D06224B14}.Release|Any CPU.Build.0 = Release|Any CPU
		{0FCCF128-D8E6-4A59-96AE-53ACEF22693C}.Debug|Any CPU.ActiveCfg = Debug|Any CPU
		{0FCCF128-D8E6-4A59-96AE-53ACEF22693C}.Debug|Any CPU.Build.0 = Debug|Any CPU
		{0FCCF128-D8E6-4A59-96AE-53ACEF22693C}.Release|Any CPU.ActiveCfg = Release|Any CPU
		{0FCCF128-D8E6-4A59-96AE-53ACEF22693C}.Release|Any CPU.Build.0 = Release|Any CPU
		{02E0BC76-0237-4F64-B189-4AFAA16EA23F}.Debug|Any CPU.ActiveCfg = Debug|Any CPU
		{02E0BC76-0237-4F64-B189-4AFAA16EA23F}.Debug|Any CPU.Build.0 = Debug|Any CPU
		{02E0BC76-0237-4F64-B189-4AFAA16EA23F}.Release|Any CPU.ActiveCfg = Release|Any CPU
		{02E0BC76-0237-4F64-B189-4AFAA16EA23F}.Release|Any CPU.Build.0 = Release|Any CPU
	EndGlobalSection
	GlobalSection(SolutionProperties) = preSolution
		HideSolutionNode = FALSE
	EndGlobalSection
	GlobalSection(ExtensibilityGlobals) = postSolution
		SolutionGuid = {413A2AA4-BBDE-42AA-99B9-347E7BB3CD7C}
	EndGlobalSection
EndGlobal
