
Microsoft Visual Studio Solution File, Format Version 12.00
# Visual Studio Version 16
VisualStudioVersion = 16.0.32126.315
MinimumVisualStudioVersion = 10.0.40219.1
Project("{FAE04EC0-301F-11D3-BF4B-00C04F79EFBC}") = "01. Sort Even Numbers", "01. Sort Even Numbers\01. Sort Even Numbers.csproj", "{0D18B980-C1A7-4D44-B99A-EBF9F387771B}"
EndProject
Project("{FAE04EC0-301F-11D3-BF4B-00C04F79EFBC}") = "02. Sum Numbers", "02. Sum Numbers\02. Sum Numbers.csproj", "{4FB22EFE-E883-4141-836B-D91423FD2E1E}"
EndProject
Project("{FAE04EC0-301F-11D3-BF4B-00C04F79EFBC}") = "03. Count Uppercase Words", "03. Count Uppercase Words\03. Count Uppercase Words.csproj", "{86FF89C8-CD60-45C0-A757-09B6C1726B51}"
EndProject
Project("{FAE04EC0-301F-11D3-BF4B-00C04F79EFBC}") = "04. Add VAT", "04. Add VAT\04. Add VAT.csproj", "{B893F470-3D79-41EE-818C-4A69D7AD5690}"
EndProject
Project("{FAE04EC0-301F-11D3-BF4B-00C04F79EFBC}") = "05. Filter By Age", "05. Filter By Age\05. Filter By Age.csproj", "{D1B31917-54B3-4726-BC61-F8EECC8D17A1}"
EndProject
Global
	GlobalSection(SolutionConfigurationPlatforms) = preSolution
		Debug|Any CPU = Debug|Any CPU
		Release|Any CPU = Release|Any CPU
	EndGlobalSection
	GlobalSection(ProjectConfigurationPlatforms) = postSolution
		{0D18B980-C1A7-4D44-B99A-EBF9F387771B}.Debug|Any CPU.ActiveCfg = Debug|Any CPU
		{0D18B980-C1A7-4D44-B99A-EBF9F387771B}.Debug|Any CPU.Build.0 = Debug|Any CPU
		{0D18B980-C1A7-4D44-B99A-EBF9F387771B}.Release|Any CPU.ActiveCfg = Release|Any CPU
		{0D18B980-C1A7-4D44-B99A-EBF9F387771B}.Release|Any CPU.Build.0 = Release|Any CPU
		{4FB22EFE-E883-4141-836B-D91423FD2E1E}.Debug|Any CPU.ActiveCfg = Debug|Any CPU
		{4FB22EFE-E883-4141-836B-D91423FD2E1E}.Debug|Any CPU.Build.0 = Debug|Any CPU
		{4FB22EFE-E883-4141-836B-D91423FD2E1E}.Release|Any CPU.ActiveCfg = Release|Any CPU
		{4FB22EFE-E883-4141-836B-D91423FD2E1E}.Release|Any CPU.Build.0 = Release|Any CPU
		{86FF89C8-CD60-45C0-A757-09B6C1726B51}.Debug|Any CPU.ActiveCfg = Debug|Any CPU
		{86FF89C8-CD60-45C0-A757-09B6C1726B51}.Debug|Any CPU.Build.0 = Debug|Any CPU
		{86FF89C8-CD60-45C0-A757-09B6C1726B51}.Release|Any CPU.ActiveCfg = Release|Any CPU
		{86FF89C8-CD60-45C0-A757-09B6C1726B51}.Release|Any CPU.Build.0 = Release|Any CPU
		{B893F470-3D79-41EE-818C-4A69D7AD5690}.Debug|Any CPU.ActiveCfg = Debug|Any CPU
		{B893F470-3D79-41EE-818C-4A69D7AD5690}.Debug|Any CPU.Build.0 = Debug|Any CPU
		{B893F470-3D79-41EE-818C-4A69D7AD5690}.Release|Any CPU.ActiveCfg = Release|Any CPU
		{B893F470-3D79-41EE-818C-4A69D7AD5690}.Release|Any CPU.Build.0 = Release|Any CPU
		{D1B31917-54B3-4726-BC61-F8EECC8D17A1}.Debug|Any CPU.ActiveCfg = Debug|Any CPU
		{D1B31917-54B3-4726-BC61-F8EECC8D17A1}.Debug|Any CPU.Build.0 = Debug|Any CPU
		{D1B31917-54B3-4726-BC61-F8EECC8D17A1}.Release|Any CPU.ActiveCfg = Release|Any CPU
		{D1B31917-54B3-4726-BC61-F8EECC8D17A1}.Release|Any CPU.Build.0 = Release|Any CPU
	EndGlobalSection
	GlobalSection(SolutionProperties) = preSolution
		HideSolutionNode = FALSE
	EndGlobalSection
	GlobalSection(ExtensibilityGlobals) = postSolution
		SolutionGuid = {C061F28B-E34C-4D3B-B520-57F93C98B121}
	EndGlobalSection
EndGlobal
