
Microsoft Visual Studio Solution File, Format Version 12.00
# Visual Studio Version 17
VisualStudioVersion = 17.4.33213.308
MinimumVisualStudioVersion = 10.0.40219.1
Project("{FAE04EC0-301F-11D3-BF4B-00C04F79EFBC}") = "01.ClassBoxData", "01.ClassBoxData\01.ClassBoxData.csproj", "{8D656BF9-C0CB-4540-922E-9040F29C8085}"
EndProject
Project("{FAE04EC0-301F-11D3-BF4B-00C04F79EFBC}") = "02.AnimalFarm", "02.AnimalFarm\02.AnimalFarm.csproj", "{593EE44B-50A3-4428-99CE-141382CE8288}"
EndProject
Project("{FAE04EC0-301F-11D3-BF4B-00C04F79EFBC}") = "03.ShoppingSpree", "03.ShoppingSpree\03.ShoppingSpree.csproj", "{D9D13602-56D0-404C-A07E-A0B64BD59642}"
EndProject
Project("{FAE04EC0-301F-11D3-BF4B-00C04F79EFBC}") = "04.PizzaCalories", "04.PizzaCalories\04.PizzaCalories.csproj", "{82A615A7-A0A4-4A16-B36A-5A56906DD2CD}"
EndProject
Global
	GlobalSection(SolutionConfigurationPlatforms) = preSolution
		Debug|Any CPU = Debug|Any CPU
		Release|Any CPU = Release|Any CPU
	EndGlobalSection
	GlobalSection(ProjectConfigurationPlatforms) = postSolution
		{8D656BF9-C0CB-4540-922E-9040F29C8085}.Debug|Any CPU.ActiveCfg = Debug|Any CPU
		{8D656BF9-C0CB-4540-922E-9040F29C8085}.Debug|Any CPU.Build.0 = Debug|Any CPU
		{8D656BF9-C0CB-4540-922E-9040F29C8085}.Release|Any CPU.ActiveCfg = Release|Any CPU
		{8D656BF9-C0CB-4540-922E-9040F29C8085}.Release|Any CPU.Build.0 = Release|Any CPU
		{593EE44B-50A3-4428-99CE-141382CE8288}.Debug|Any CPU.ActiveCfg = Debug|Any CPU
		{593EE44B-50A3-4428-99CE-141382CE8288}.Debug|Any CPU.Build.0 = Debug|Any CPU
		{593EE44B-50A3-4428-99CE-141382CE8288}.Release|Any CPU.ActiveCfg = Release|Any CPU
		{593EE44B-50A3-4428-99CE-141382CE8288}.Release|Any CPU.Build.0 = Release|Any CPU
		{D9D13602-56D0-404C-A07E-A0B64BD59642}.Debug|Any CPU.ActiveCfg = Debug|Any CPU
		{D9D13602-56D0-404C-A07E-A0B64BD59642}.Debug|Any CPU.Build.0 = Debug|Any CPU
		{D9D13602-56D0-404C-A07E-A0B64BD59642}.Release|Any CPU.ActiveCfg = Release|Any CPU
		{D9D13602-56D0-404C-A07E-A0B64BD59642}.Release|Any CPU.Build.0 = Release|Any CPU
		{82A615A7-A0A4-4A16-B36A-5A56906DD2CD}.Debug|Any CPU.ActiveCfg = Debug|Any CPU
		{82A615A7-A0A4-4A16-B36A-5A56906DD2CD}.Debug|Any CPU.Build.0 = Debug|Any CPU
		{82A615A7-A0A4-4A16-B36A-5A56906DD2CD}.Release|Any CPU.ActiveCfg = Release|Any CPU
		{82A615A7-A0A4-4A16-B36A-5A56906DD2CD}.Release|Any CPU.Build.0 = Release|Any CPU
	EndGlobalSection
	GlobalSection(SolutionProperties) = preSolution
		HideSolutionNode = FALSE
	EndGlobalSection
	GlobalSection(ExtensibilityGlobals) = postSolution
		SolutionGuid = {9039E532-4906-4044-9364-6B94AADB47B9}
	EndGlobalSection
EndGlobal
