
Microsoft Visual Studio Solution File, Format Version 12.00
# Visual Studio Version 17
VisualStudioVersion = 17.4.33213.308
MinimumVisualStudioVersion = 10.0.40219.1
Project("{FAE04EC0-301F-11D3-BF4B-00C04F79EFBC}") = "01.Shapes", "01.Shapes\01.Shapes.csproj", "{E9532290-C7EE-4B7D-A420-A847FCB393C2}"
EndProject
Project("{FAE04EC0-301F-11D3-BF4B-00C04F79EFBC}") = "02. Cars", "02. Cars\02. Cars.csproj", "{CC47DA9D-4A75-40B4-9B58-A60174A7449B}"
EndProject
Global
	GlobalSection(SolutionConfigurationPlatforms) = preSolution
		Debug|Any CPU = Debug|Any CPU
		Release|Any CPU = Release|Any CPU
	EndGlobalSection
	GlobalSection(ProjectConfigurationPlatforms) = postSolution
		{E9532290-C7EE-4B7D-A420-A847FCB393C2}.Debug|Any CPU.ActiveCfg = Debug|Any CPU
		{E9532290-C7EE-4B7D-A420-A847FCB393C2}.Debug|Any CPU.Build.0 = Debug|Any CPU
		{E9532290-C7EE-4B7D-A420-A847FCB393C2}.Release|Any CPU.ActiveCfg = Release|Any CPU
		{E9532290-C7EE-4B7D-A420-A847FCB393C2}.Release|Any CPU.Build.0 = Release|Any CPU
		{CC47DA9D-4A75-40B4-9B58-A60174A7449B}.Debug|Any CPU.ActiveCfg = Debug|Any CPU
		{CC47DA9D-4A75-40B4-9B58-A60174A7449B}.Debug|Any CPU.Build.0 = Debug|Any CPU
		{CC47DA9D-4A75-40B4-9B58-A60174A7449B}.Release|Any CPU.ActiveCfg = Release|Any CPU
		{CC47DA9D-4A75-40B4-9B58-A60174A7449B}.Release|Any CPU.Build.0 = Release|Any CPU
	EndGlobalSection
	GlobalSection(SolutionProperties) = preSolution
		HideSolutionNode = FALSE
	EndGlobalSection
	GlobalSection(ExtensibilityGlobals) = postSolution
		SolutionGuid = {92517BA1-32FB-4152-AB70-EB4D2746A662}
	EndGlobalSection
EndGlobal
