
Microsoft Visual Studio Solution File, Format Version 12.00
# Visual Studio Version 17
VisualStudioVersion = 17.4.33213.308
MinimumVisualStudioVersion = 10.0.40219.1
Project("{FAE04EC0-301F-11D3-BF4B-00C04F79EFBC}") = "SingleInheritance", "SingleInheritance\SingleInheritance.csproj", "{6BFABCE4-2C87-43A4-9AB7-090C0B31B875}"
EndProject
Project("{FAE04EC0-301F-11D3-BF4B-00C04F79EFBC}") = "MultipleInheritance", "MultipleInheritance\MultipleInheritance.csproj", "{A2090EC6-7486-4F36-8D4B-0B0BD8E63260}"
EndProject
Project("{FAE04EC0-301F-11D3-BF4B-00C04F79EFBC}") = "HierarchicalInheritance", "HierarchicalInheritance\HierarchicalInheritance.csproj", "{B958BC1A-F244-4624-B563-C6D9C7F50EA9}"
EndProject
Project("{FAE04EC0-301F-11D3-BF4B-00C04F79EFBC}") = "RandomList", "RandomList\RandomList.csproj", "{54516EE7-F543-4308-9C45-4A48F8EA2EB3}"
EndProject
Project("{FAE04EC0-301F-11D3-BF4B-00C04F79EFBC}") = "StackOfStrings", "StackOfStrings\StackOfStrings.csproj", "{110586D0-0540-42EA-BA31-77B110F5C290}"
EndProject
Global
	GlobalSection(SolutionConfigurationPlatforms) = preSolution
		Debug|Any CPU = Debug|Any CPU
		Release|Any CPU = Release|Any CPU
	EndGlobalSection
	GlobalSection(ProjectConfigurationPlatforms) = postSolution
		{6BFABCE4-2C87-43A4-9AB7-090C0B31B875}.Debug|Any CPU.ActiveCfg = Debug|Any CPU
		{6BFABCE4-2C87-43A4-9AB7-090C0B31B875}.Debug|Any CPU.Build.0 = Debug|Any CPU
		{6BFABCE4-2C87-43A4-9AB7-090C0B31B875}.Release|Any CPU.ActiveCfg = Release|Any CPU
		{6BFABCE4-2C87-43A4-9AB7-090C0B31B875}.Release|Any CPU.Build.0 = Release|Any CPU
		{A2090EC6-7486-4F36-8D4B-0B0BD8E63260}.Debug|Any CPU.ActiveCfg = Debug|Any CPU
		{A2090EC6-7486-4F36-8D4B-0B0BD8E63260}.Debug|Any CPU.Build.0 = Debug|Any CPU
		{A2090EC6-7486-4F36-8D4B-0B0BD8E63260}.Release|Any CPU.ActiveCfg = Release|Any CPU
		{A2090EC6-7486-4F36-8D4B-0B0BD8E63260}.Release|Any CPU.Build.0 = Release|Any CPU
		{B958BC1A-F244-4624-B563-C6D9C7F50EA9}.Debug|Any CPU.ActiveCfg = Debug|Any CPU
		{B958BC1A-F244-4624-B563-C6D9C7F50EA9}.Debug|Any CPU.Build.0 = Debug|Any CPU
		{B958BC1A-F244-4624-B563-C6D9C7F50EA9}.Release|Any CPU.ActiveCfg = Release|Any CPU
		{B958BC1A-F244-4624-B563-C6D9C7F50EA9}.Release|Any CPU.Build.0 = Release|Any CPU
		{54516EE7-F543-4308-9C45-4A48F8EA2EB3}.Debug|Any CPU.ActiveCfg = Debug|Any CPU
		{54516EE7-F543-4308-9C45-4A48F8EA2EB3}.Debug|Any CPU.Build.0 = Debug|Any CPU
		{54516EE7-F543-4308-9C45-4A48F8EA2EB3}.Release|Any CPU.ActiveCfg = Release|Any CPU
		{54516EE7-F543-4308-9C45-4A48F8EA2EB3}.Release|Any CPU.Build.0 = Release|Any CPU
		{110586D0-0540-42EA-BA31-77B110F5C290}.Debug|Any CPU.ActiveCfg = Debug|Any CPU
		{110586D0-0540-42EA-BA31-77B110F5C290}.Debug|Any CPU.Build.0 = Debug|Any CPU
		{110586D0-0540-42EA-BA31-77B110F5C290}.Release|Any CPU.ActiveCfg = Release|Any CPU
		{110586D0-0540-42EA-BA31-77B110F5C290}.Release|Any CPU.Build.0 = Release|Any CPU
	EndGlobalSection
	GlobalSection(SolutionProperties) = preSolution
		HideSolutionNode = FALSE
	EndGlobalSection
	GlobalSection(ExtensibilityGlobals) = postSolution
		SolutionGuid = {6B1861BA-D984-4265-A08E-D54F25DC7AB1}
	EndGlobalSection
EndGlobal
