
Microsoft Visual Studio Solution File, Format Version 12.00
# Visual Studio Version 17
VisualStudioVersion = 17.4.33213.308
MinimumVisualStudioVersion = 10.0.40219.1
Project("{9A19103F-16F7-4668-BE54-9A1E7A4F7556}") = "01. Stealer", "Stealer\01. Stealer.csproj", "{A271AB7A-AF7F-4130-A90D-446268D23573}"
EndProject
Project("{FAE04EC0-301F-11D3-BF4B-00C04F79EFBC}") = "02. High Quality Mistakes", "02. High Quality Mistakes\02. High Quality Mistakes.csproj", "{F010221B-AC95-4CD7-989A-07237F3C8038}"
EndProject
Project("{FAE04EC0-301F-11D3-BF4B-00C04F79EFBC}") = "03. Mission Private Impossible", "03. Mission Private Impossible\03. Mission Private Impossible.csproj", "{BE4E00DC-21E9-4DAA-A86E-7B0B6FD019E7}"
EndProject
Project("{FAE04EC0-301F-11D3-BF4B-00C04F79EFBC}") = "04. Collector", "04. Collector\04. Collector.csproj", "{69702BCE-3E5A-440E-9BE3-2524881F9F9C}"
EndProject
Project("{FAE04EC0-301F-11D3-BF4B-00C04F79EFBC}") = "05. Create Attribute", "05. Create Attribute\05. Create Attribute.csproj", "{A279A9D4-3480-485A-BF19-8453AAD27568}"
EndProject
Project("{FAE04EC0-301F-11D3-BF4B-00C04F79EFBC}") = "06. Code Tracker", "06. Code Tracker\06. Code Tracker.csproj", "{126AB18B-A69C-4069-BE71-D3C13D3E6E9A}"
EndProject
Global
	GlobalSection(SolutionConfigurationPlatforms) = preSolution
		Debug|Any CPU = Debug|Any CPU
		Release|Any CPU = Release|Any CPU
	EndGlobalSection
	GlobalSection(ProjectConfigurationPlatforms) = postSolution
		{A271AB7A-AF7F-4130-A90D-446268D23573}.Debug|Any CPU.ActiveCfg = Debug|Any CPU
		{A271AB7A-AF7F-4130-A90D-446268D23573}.Debug|Any CPU.Build.0 = Debug|Any CPU
		{A271AB7A-AF7F-4130-A90D-446268D23573}.Release|Any CPU.ActiveCfg = Release|Any CPU
		{A271AB7A-AF7F-4130-A90D-446268D23573}.Release|Any CPU.Build.0 = Release|Any CPU
		{F010221B-AC95-4CD7-989A-07237F3C8038}.Debug|Any CPU.ActiveCfg = Debug|Any CPU
		{F010221B-AC95-4CD7-989A-07237F3C8038}.Debug|Any CPU.Build.0 = Debug|Any CPU
		{F010221B-AC95-4CD7-989A-07237F3C8038}.Release|Any CPU.ActiveCfg = Release|Any CPU
		{F010221B-AC95-4CD7-989A-07237F3C8038}.Release|Any CPU.Build.0 = Release|Any CPU
		{BE4E00DC-21E9-4DAA-A86E-7B0B6FD019E7}.Debug|Any CPU.ActiveCfg = Debug|Any CPU
		{BE4E00DC-21E9-4DAA-A86E-7B0B6FD019E7}.Debug|Any CPU.Build.0 = Debug|Any CPU
		{BE4E00DC-21E9-4DAA-A86E-7B0B6FD019E7}.Release|Any CPU.ActiveCfg = Release|Any CPU
		{BE4E00DC-21E9-4DAA-A86E-7B0B6FD019E7}.Release|Any CPU.Build.0 = Release|Any CPU
		{69702BCE-3E5A-440E-9BE3-2524881F9F9C}.Debug|Any CPU.ActiveCfg = Debug|Any CPU
		{69702BCE-3E5A-440E-9BE3-2524881F9F9C}.Debug|Any CPU.Build.0 = Debug|Any CPU
		{69702BCE-3E5A-440E-9BE3-2524881F9F9C}.Release|Any CPU.ActiveCfg = Release|Any CPU
		{69702BCE-3E5A-440E-9BE3-2524881F9F9C}.Release|Any CPU.Build.0 = Release|Any CPU
		{A279A9D4-3480-485A-BF19-8453AAD27568}.Debug|Any CPU.ActiveCfg = Debug|Any CPU
		{A279A9D4-3480-485A-BF19-8453AAD27568}.Debug|Any CPU.Build.0 = Debug|Any CPU
		{A279A9D4-3480-485A-BF19-8453AAD27568}.Release|Any CPU.ActiveCfg = Release|Any CPU
		{A279A9D4-3480-485A-BF19-8453AAD27568}.Release|Any CPU.Build.0 = Release|Any CPU
		{126AB18B-A69C-4069-BE71-D3C13D3E6E9A}.Debug|Any CPU.ActiveCfg = Debug|Any CPU
		{126AB18B-A69C-4069-BE71-D3C13D3E6E9A}.Debug|Any CPU.Build.0 = Debug|Any CPU
		{126AB18B-A69C-4069-BE71-D3C13D3E6E9A}.Release|Any CPU.ActiveCfg = Release|Any CPU
		{126AB18B-A69C-4069-BE71-D3C13D3E6E9A}.Release|Any CPU.Build.0 = Release|Any CPU
	EndGlobalSection
	GlobalSection(SolutionProperties) = preSolution
		HideSolutionNode = FALSE
	EndGlobalSection
	GlobalSection(ExtensibilityGlobals) = postSolution
		SolutionGuid = {5AA123A8-B6D0-4A9C-94C4-C79C14532B66}
	EndGlobalSection
EndGlobal
