
Microsoft Visual Studio Solution File, Format Version 12.00
# Visual Studio Version 16
VisualStudioVersion = 16.0.32126.315
MinimumVisualStudioVersion = 10.0.40219.1
Project("{FAE04EC0-301F-11D3-BF4B-00C04F79EFBC}") = "01. Even Lines", "01. Even Lines\01. Even Lines.csproj", "{924EA107-75DC-426B-88B4-F257B17BDCDA}"
EndProject
Project("{FAE04EC0-301F-11D3-BF4B-00C04F79EFBC}") = "02. Line Numbers", "02. Line Numbers\02. Line Numbers.csproj", "{EDF34647-C8F6-4D10-A333-D70B98376D47}"
EndProject
Project("{FAE04EC0-301F-11D3-BF4B-00C04F79EFBC}") = "03. Copy Binary File", "03. Copy Binary File\03. Copy Binary File.csproj", "{2426C237-FE29-4D6A-99B5-6088DB9FE5E9}"
EndProject
Project("{FAE04EC0-301F-11D3-BF4B-00C04F79EFBC}") = "04. Directory Traversal", "04. Directory Traversal\04. Directory Traversal.csproj", "{7818D768-28A6-4DFF-8F35-C39DC83A2033}"
EndProject
Project("{FAE04EC0-301F-11D3-BF4B-00C04F79EFBC}") = "05. Copy Directory", "05. Copy Directory\05. Copy Directory.csproj", "{49418B2D-57E6-4AC1-A957-8FEB0711C592}"
EndProject
Project("{FAE04EC0-301F-11D3-BF4B-00C04F79EFBC}") = "06. Zip and Extracts", "06. Zip and Extracts\06. Zip and Extracts.csproj", "{052B0946-B9A8-4DDC-85C9-2630CE2B2E66}"
EndProject
Global
	GlobalSection(SolutionConfigurationPlatforms) = preSolution
		Debug|Any CPU = Debug|Any CPU
		Release|Any CPU = Release|Any CPU
	EndGlobalSection
	GlobalSection(ProjectConfigurationPlatforms) = postSolution
		{924EA107-75DC-426B-88B4-F257B17BDCDA}.Debug|Any CPU.ActiveCfg = Debug|Any CPU
		{924EA107-75DC-426B-88B4-F257B17BDCDA}.Debug|Any CPU.Build.0 = Debug|Any CPU
		{924EA107-75DC-426B-88B4-F257B17BDCDA}.Release|Any CPU.ActiveCfg = Release|Any CPU
		{924EA107-75DC-426B-88B4-F257B17BDCDA}.Release|Any CPU.Build.0 = Release|Any CPU
		{EDF34647-C8F6-4D10-A333-D70B98376D47}.Debug|Any CPU.ActiveCfg = Debug|Any CPU
		{EDF34647-C8F6-4D10-A333-D70B98376D47}.Debug|Any CPU.Build.0 = Debug|Any CPU
		{EDF34647-C8F6-4D10-A333-D70B98376D47}.Release|Any CPU.ActiveCfg = Release|Any CPU
		{EDF34647-C8F6-4D10-A333-D70B98376D47}.Release|Any CPU.Build.0 = Release|Any CPU
		{2426C237-FE29-4D6A-99B5-6088DB9FE5E9}.Debug|Any CPU.ActiveCfg = Debug|Any CPU
		{2426C237-FE29-4D6A-99B5-6088DB9FE5E9}.Debug|Any CPU.Build.0 = Debug|Any CPU
		{2426C237-FE29-4D6A-99B5-6088DB9FE5E9}.Release|Any CPU.ActiveCfg = Release|Any CPU
		{2426C237-FE29-4D6A-99B5-6088DB9FE5E9}.Release|Any CPU.Build.0 = Release|Any CPU
		{7818D768-28A6-4DFF-8F35-C39DC83A2033}.Debug|Any CPU.ActiveCfg = Debug|Any CPU
		{7818D768-28A6-4DFF-8F35-C39DC83A2033}.Debug|Any CPU.Build.0 = Debug|Any CPU
		{7818D768-28A6-4DFF-8F35-C39DC83A2033}.Release|Any CPU.ActiveCfg = Release|Any CPU
		{7818D768-28A6-4DFF-8F35-C39DC83A2033}.Release|Any CPU.Build.0 = Release|Any CPU
		{49418B2D-57E6-4AC1-A957-8FEB0711C592}.Debug|Any CPU.ActiveCfg = Debug|Any CPU
		{49418B2D-57E6-4AC1-A957-8FEB0711C592}.Debug|Any CPU.Build.0 = Debug|Any CPU
		{49418B2D-57E6-4AC1-A957-8FEB0711C592}.Release|Any CPU.ActiveCfg = Release|Any CPU
		{49418B2D-57E6-4AC1-A957-8FEB0711C592}.Release|Any CPU.Build.0 = Release|Any CPU
		{052B0946-B9A8-4DDC-85C9-2630CE2B2E66}.Debug|Any CPU.ActiveCfg = Debug|Any CPU
		{052B0946-B9A8-4DDC-85C9-2630CE2B2E66}.Debug|Any CPU.Build.0 = Debug|Any CPU
		{052B0946-B9A8-4DDC-85C9-2630CE2B2E66}.Release|Any CPU.ActiveCfg = Release|Any CPU
		{052B0946-B9A8-4DDC-85C9-2630CE2B2E66}.Release|Any CPU.Build.0 = Release|Any CPU
	EndGlobalSection
	GlobalSection(SolutionProperties) = preSolution
		HideSolutionNode = FALSE
	EndGlobalSection
	GlobalSection(ExtensibilityGlobals) = postSolution
		SolutionGuid = {3FB3B523-8EB0-4106-AD6B-AE29592F2CA7}
	EndGlobalSection
EndGlobal
